
Microsoft Visual Studio Solution File, Format Version 12.00
# Visual Studio Version 17
VisualStudioVersion = 17.11.35017.193
MinimumVisualStudioVersion = 10.0.40219.1
Project("{FAE04EC0-301F-11D3-BF4B-00C04F79EFBC}") = "Petrol_Akaryakit_Stok_Takip_Sistemi_Mini_App", "Petrol_Akaryakit_Stok_Takip_Sistemi_Mini_App\Petrol_Akaryakit_Stok_Takip_Sistemi_Mini_App.csproj", "{401E437C-B91B-48C5-BB0B-45DD6C7DA76C}"
EndProject
Global
	GlobalSection(SolutionConfigurationPlatforms) = preSolution
		Debug|Any CPU = Debug|Any CPU
		Release|Any CPU = Release|Any CPU
	EndGlobalSection
	GlobalSection(ProjectConfigurationPlatforms) = postSolution
		{401E437C-B91B-48C5-BB0B-45DD6C7DA76C}.Debug|Any CPU.ActiveCfg = Debug|Any CPU
		{401E437C-B91B-48C5-BB0B-45DD6C7DA76C}.Debug|Any CPU.Build.0 = Debug|Any CPU
		{401E437C-B91B-48C5-BB0B-45DD6C7DA76C}.Release|Any CPU.ActiveCfg = Release|Any CPU
		{401E437C-B91B-48C5-BB0B-45DD6C7DA76C}.Release|Any CPU.Build.0 = Release|Any CPU
	EndGlobalSection
	GlobalSection(SolutionProperties) = preSolution
		HideSolutionNode = FALSE
	EndGlobalSection
	GlobalSection(ExtensibilityGlobals) = postSolution
		SolutionGuid = {A2D3C335-B513-41D1-985E-C5D259DE4CE5}
	EndGlobalSection
EndGlobal
